
Microsoft Visual Studio Solution File, Format Version 12.00
# Visual Studio Version 17
VisualStudioVersion = 17.14.36414.22 d17.14
MinimumVisualStudioVersion = 10.0.40219.1
Project("{FAE04EC0-301F-11D3-BF4B-00C04F79EFBC}") = "Mundo-Frankie-A1-Text-Based-RPG", "Mundo-Frankie-A1-Text-Based-RPG.csproj", "{8C325C8A-8D75-4F2C-A7D2-830B6F88B7F0}"
EndProject
Global
	GlobalSection(SolutionConfigurationPlatforms) = preSolution
		Debug|Any CPU = Debug|Any CPU
		Release|Any CPU = Release|Any CPU
	EndGlobalSection
	GlobalSection(ProjectConfigurationPlatforms) = postSolution
		{8C325C8A-8D75-4F2C-A7D2-830B6F88B7F0}.Debug|Any CPU.ActiveCfg = Debug|Any CPU
		{8C325C8A-8D75-4F2C-A7D2-830B6F88B7F0}.Debug|Any CPU.Build.0 = Debug|Any CPU
		{8C325C8A-8D75-4F2C-A7D2-830B6F88B7F0}.Release|Any CPU.ActiveCfg = Release|Any CPU
		{8C325C8A-8D75-4F2C-A7D2-830B6F88B7F0}.Release|Any CPU.Build.0 = Release|Any CPU
	EndGlobalSection
	GlobalSection(SolutionProperties) = preSolution
		HideSolutionNode = FALSE
	EndGlobalSection
	GlobalSection(ExtensibilityGlobals) = postSolution
		SolutionGuid = {C7C1DE46-CF2D-457E-B3D3-92D1A7860492}
	EndGlobalSection
EndGlobal
